
Microsoft Visual Studio Solution File, Format Version 12.00
# Visual Studio 15
Project("{FAE04EC0-301F-11D3-BF4B-00C04F79EFBC}") = "UnityEngine.TestRunner", "UnityEngine.TestRunner.csproj", "{0B874E26-CF25-5743-8417-9EB5BEA53338}"
EndProject
Project("{FAE04EC0-301F-11D3-BF4B-00C04F79EFBC}") = "Unity.Mathematics", "Unity.Mathematics.csproj", "{B0E0CCF6-1F50-F49D-C429-3AEEF1F62BD6}"
EndProject
Project("{FAE04EC0-301F-11D3-BF4B-00C04F79EFBC}") = "Unity.2D.Animation.Triangle.Runtime", "Unity.2D.Animation.Triangle.Runtime.csproj", "{FB79E57A-72F1-C1EB-482B-DB44151E51BA}"
EndProject
Project("{FAE04EC0-301F-11D3-BF4B-00C04F79EFBC}") = "Unity.Timeline", "Unity.Timeline.csproj", "{3AD1ECA3-F6B1-E49F-E662-1EE3DDBAEB56}"
EndProject
Project("{FAE04EC0-301F-11D3-BF4B-00C04F79EFBC}") = "UnityEngine.UI", "UnityEngine.UI.csproj", "{1E4C9EAD-F2FA-5201-0D4C-5D8B6501CE1B}"
EndProject
Project("{FAE04EC0-301F-11D3-BF4B-00C04F79EFBC}") = "Unity.TextMeshPro", "Unity.TextMeshPro.csproj", "{AFC1584A-74EB-841D-DB7F-440C4F4E8CE7}"
EndProject
Project("{FAE04EC0-301F-11D3-BF4B-00C04F79EFBC}") = "Unity.2D.Animation.Runtime", "Unity.2D.Animation.Runtime.csproj", "{7253F209-32BC-57D8-66FF-BE319E58768F}"
EndProject
Project("{FAE04EC0-301F-11D3-BF4B-00C04F79EFBC}") = "Unity.2D.IK.Runtime", "Unity.2D.IK.Runtime.csproj", "{18F99FBD-F515-D5C1-303C-0B53D25D36A8}"
EndProject
Project("{FAE04EC0-301F-11D3-BF4B-00C04F79EFBC}") = "Unity.2D.SpriteShape.Runtime", "Unity.2D.SpriteShape.Runtime.csproj", "{C3E26C8F-B39C-F56B-174F-82CEB68B46DB}"
EndProject
Project("{FAE04EC0-301F-11D3-BF4B-00C04F79EFBC}") = "Unity.2D.PixelPerfect", "Unity.2D.PixelPerfect.csproj", "{B53D2D8F-74CA-D9F0-BF05-4AB9CC7B684B}"
EndProject
Project("{FAE04EC0-301F-11D3-BF4B-00C04F79EFBC}") = "Assembly-CSharp", "Assembly-CSharp.csproj", "{85B01A8C-30A2-3438-3984-CFDBF205CF2B}"
EndProject
Project("{FAE04EC0-301F-11D3-BF4B-00C04F79EFBC}") = "Unity.2D.Common.Runtime", "Unity.2D.Common.Runtime.csproj", "{4D3282D3-ADF7-8453-148D-0A0CC30F7235}"
EndProject
Project("{FAE04EC0-301F-11D3-BF4B-00C04F79EFBC}") = "Unity.InternalAPIEngineBridge.001", "Unity.InternalAPIEngineBridge.001.csproj", "{EB2135EC-D9EE-927D-1D7B-906070B5011D}"
EndProject
Project("{FAE04EC0-301F-11D3-BF4B-00C04F79EFBC}") = "Unity.RenderPipelines.Core.Runtime", "Unity.RenderPipelines.Core.Runtime.csproj", "{705EBA68-DFA3-4C1F-FED7-F6B455CE17FC}"
EndProject
Project("{FAE04EC0-301F-11D3-BF4B-00C04F79EFBC}") = "Unity.RenderPipelines.Universal.Runtime", "Unity.RenderPipelines.Universal.Runtime.csproj", "{C4AAFAF8-A753-4B03-BA49-6DA747F56C0E}"
EndProject
Project("{FAE04EC0-301F-11D3-BF4B-00C04F79EFBC}") = "Unity.RenderPipelines.Core.ShaderLibrary", "Unity.RenderPipelines.Core.ShaderLibrary.csproj", "{838101DD-0736-6268-BA40-749F89440521}"
EndProject
Project("{FAE04EC0-301F-11D3-BF4B-00C04F79EFBC}") = "Unity.RenderPipelines.Universal.Shaders", "Unity.RenderPipelines.Universal.Shaders.csproj", "{EFFF34E7-92A7-9936-CC7D-2F3639767DE0}"
EndProject
Project("{FAE04EC0-301F-11D3-BF4B-00C04F79EFBC}") = "Unity.RenderPipelines.ShaderGraph.ShaderGraphLibrary", "Unity.RenderPipelines.ShaderGraph.ShaderGraphLibrary.csproj", "{EE8112A4-6675-CC4B-854A-E421C887C2E2}"
EndProject
Project("{FAE04EC0-301F-11D3-BF4B-00C04F79EFBC}") = "Unity.RenderPipeline.Universal.ShaderLibrary", "Unity.RenderPipeline.Universal.ShaderLibrary.csproj", "{BBDDF447-4235-7D2E-D9D5-1213B900042A}"
EndProject
Project("{FAE04EC0-301F-11D3-BF4B-00C04F79EFBC}") = "UnityEditor.TestRunner", "UnityEditor.TestRunner.csproj", "{A17CA0E4-2670-E322-3EA3-8F976B42A6AA}"
EndProject
Project("{FAE04EC0-301F-11D3-BF4B-00C04F79EFBC}") = "Unity.PlasticSCM.Editor", "Unity.PlasticSCM.Editor.csproj", "{961B978B-B75D-8898-4DE5-A7ED074CE258}"
EndProject
Project("{FAE04EC0-301F-11D3-BF4B-00C04F79EFBC}") = "UnityEditor.UI", "UnityEditor.UI.csproj", "{1BCFFB45-3E0E-C449-A856-562117F9FD17}"
EndProject
Project("{FAE04EC0-301F-11D3-BF4B-00C04F79EFBC}") = "Unity.Timeline.Editor", "Unity.Timeline.Editor.csproj", "{BBF5EF7C-2F40-54CA-A9F9-8F4971BB49FA}"
EndProject
Project("{FAE04EC0-301F-11D3-BF4B-00C04F79EFBC}") = "Unity.VisualStudio.Editor", "Unity.VisualStudio.Editor.csproj", "{13F8FA35-0059-73F6-A3F3-11F46A25627C}"
EndProject
Project("{FAE04EC0-301F-11D3-BF4B-00C04F79EFBC}") = "Unity.2D.Psdimporter.Editor", "Unity.2D.Psdimporter.Editor.csproj", "{E557B073-4041-98B0-2718-A93A58806742}"
EndProject
Project("{FAE04EC0-301F-11D3-BF4B-00C04F79EFBC}") = "Unity.2D.Animation.Editor", "Unity.2D.Animation.Editor.csproj", "{B3360A77-AEE5-0497-B40D-17B4F278BD06}"
EndProject
Project("{FAE04EC0-301F-11D3-BF4B-00C04F79EFBC}") = "Unity.TextMeshPro.Editor", "Unity.TextMeshPro.Editor.csproj", "{37070413-7E1A-05CE-80AE-C1A81AA11879}"
EndProject
Project("{FAE04EC0-301F-11D3-BF4B-00C04F79EFBC}") = "Unity.2D.SpriteShape.Editor", "Unity.2D.SpriteShape.Editor.csproj", "{198D9F77-0CC4-FFF7-387C-C9E907A4E921}"
EndProject
Project("{FAE04EC0-301F-11D3-BF4B-00C04F79EFBC}") = "Unity.CollabProxy.Editor", "Unity.CollabProxy.Editor.csproj", "{07EE54CE-5E63-659D-9942-34C882DF368D}"
EndProject
Project("{FAE04EC0-301F-11D3-BF4B-00C04F79EFBC}") = "PsdPlugin", "PsdPlugin.csproj", "{AF504431-990D-3689-0D00-C813F3AC11FD}"
EndProject
Project("{FAE04EC0-301F-11D3-BF4B-00C04F79EFBC}") = "Unity.2D.Path.Editor", "Unity.2D.Path.Editor.csproj", "{7AD1A249-09BF-8109-58BB-379F1A545A8D}"
EndProject
Project("{FAE04EC0-301F-11D3-BF4B-00C04F79EFBC}") = "Unity.Rider.Editor", "Unity.Rider.Editor.csproj", "{D9E6AEF2-B376-FD74-EBAC-FB6569912812}"
EndProject
Project("{FAE04EC0-301F-11D3-BF4B-00C04F79EFBC}") = "Unity.2D.IK.Editor", "Unity.2D.IK.Editor.csproj", "{7CD8152E-4E33-D1E6-D75A-977F903117E8}"
EndProject
Project("{FAE04EC0-301F-11D3-BF4B-00C04F79EFBC}") = "Unity.2D.Sprite.Editor", "Unity.2D.Sprite.Editor.csproj", "{85007936-CFF2-B1F2-5B70-99D9F87E8732}"
EndProject
Project("{FAE04EC0-301F-11D3-BF4B-00C04F79EFBC}") = "Unity.2D.Tilemap.Editor", "Unity.2D.Tilemap.Editor.csproj", "{E20AD443-8DFA-B86C-F0EC-45C083BEE261}"
EndProject
Project("{FAE04EC0-301F-11D3-BF4B-00C04F79EFBC}") = "Unity.2D.PixelPerfect.Editor", "Unity.2D.PixelPerfect.Editor.csproj", "{387D9919-98F2-8A18-240B-4CAE15F75E5E}"
EndProject
Project("{FAE04EC0-301F-11D3-BF4B-00C04F79EFBC}") = "Unity.VSCode.Editor", "Unity.VSCode.Editor.csproj", "{A1A1534D-D834-AA0E-7746-C9463493FEE2}"
EndProject
Project("{FAE04EC0-301F-11D3-BF4B-00C04F79EFBC}") = "Unity.2D.Common.Editor", "Unity.2D.Common.Editor.csproj", "{4427BB95-46A8-383C-C195-FB4DAA8618C0}"
EndProject
Project("{FAE04EC0-301F-11D3-BF4B-00C04F79EFBC}") = "Unity.Mathematics.Editor", "Unity.Mathematics.Editor.csproj", "{290A19B5-ACEB-4B44-C776-815338CCC1FB}"
EndProject
Project("{FAE04EC0-301F-11D3-BF4B-00C04F79EFBC}") = "Unity.InternalAPIEditorBridge.001", "Unity.InternalAPIEditorBridge.001.csproj", "{DA498C65-B0F6-0E9C-ECAC-44FE468D37A8}"
EndProject
Project("{FAE04EC0-301F-11D3-BF4B-00C04F79EFBC}") = "Unity.ShaderGraph.Editor", "Unity.ShaderGraph.Editor.csproj", "{8267E2FB-D1AB-175C-1FDC-2B0B6E86275A}"
EndProject
Project("{FAE04EC0-301F-11D3-BF4B-00C04F79EFBC}") = "Unity.RenderPipelines.Core.Editor", "Unity.RenderPipelines.Core.Editor.csproj", "{14A6C1EB-1F49-A2DF-AD41-6D327F3829E9}"
EndProject
Project("{FAE04EC0-301F-11D3-BF4B-00C04F79EFBC}") = "Unity.RenderPipelines.Universal.Editor", "Unity.RenderPipelines.Universal.Editor.csproj", "{A03C9A53-6434-C932-38F7-B7549D53E4F8}"
EndProject
Project("{FAE04EC0-301F-11D3-BF4B-00C04F79EFBC}") = "Unity.ShaderGraph.Utilities", "Unity.ShaderGraph.Utilities.csproj", "{2A3DF2FF-D770-F665-27A8-CABC79B07D8B}"
EndProject
Project("{FAE04EC0-301F-11D3-BF4B-00C04F79EFBC}") = "Unity.Searcher.Editor", "Unity.Searcher.Editor.csproj", "{F49AE286-A824-B6EE-5C66-BE5C0A38A26D}"
EndProject
Global
	GlobalSection(SolutionConfigurationPlatforms) = preSolution
		Debug|Any CPU = Debug|Any CPU
		Release|Any CPU = Release|Any CPU
	EndGlobalSection
	GlobalSection(ProjectConfigurationPlatforms) = postSolution
		{0B874E26-CF25-5743-8417-9EB5BEA53338}.Debug|Any CPU.ActiveCfg = Debug|Any CPU
		{0B874E26-CF25-5743-8417-9EB5BEA53338}.Debug|Any CPU.Build.0 = Debug|Any CPU
		{0B874E26-CF25-5743-8417-9EB5BEA53338}.Release|Any CPU.ActiveCfg = Release|Any CPU
		{0B874E26-CF25-5743-8417-9EB5BEA53338}.Release|Any CPU.Build.0 = Release|Any CPU
		{B0E0CCF6-1F50-F49D-C429-3AEEF1F62BD6}.Debug|Any CPU.ActiveCfg = Debug|Any CPU
		{B0E0CCF6-1F50-F49D-C429-3AEEF1F62BD6}.Debug|Any CPU.Build.0 = Debug|Any CPU
		{B0E0CCF6-1F50-F49D-C429-3AEEF1F62BD6}.Release|Any CPU.ActiveCfg = Release|Any CPU
		{B0E0CCF6-1F50-F49D-C429-3AEEF1F62BD6}.Release|Any CPU.Build.0 = Release|Any CPU
		{FB79E57A-72F1-C1EB-482B-DB44151E51BA}.Debug|Any CPU.ActiveCfg = Debug|Any CPU
		{FB79E57A-72F1-C1EB-482B-DB44151E51BA}.Debug|Any CPU.Build.0 = Debug|Any CPU
		{FB79E57A-72F1-C1EB-482B-DB44151E51BA}.Release|Any CPU.ActiveCfg = Release|Any CPU
		{FB79E57A-72F1-C1EB-482B-DB44151E51BA}.Release|Any CPU.Build.0 = Release|Any CPU
		{3AD1ECA3-F6B1-E49F-E662-1EE3DDBAEB56}.Debug|Any CPU.ActiveCfg = Debug|Any CPU
		{3AD1ECA3-F6B1-E49F-E662-1EE3DDBAEB56}.Debug|Any CPU.Build.0 = Debug|Any CPU
		{3AD1ECA3-F6B1-E49F-E662-1EE3DDBAEB56}.Release|Any CPU.ActiveCfg = Release|Any CPU
		{3AD1ECA3-F6B1-E49F-E662-1EE3DDBAEB56}.Release|Any CPU.Build.0 = Release|Any CPU
		{1E4C9EAD-F2FA-5201-0D4C-5D8B6501CE1B}.Debug|Any CPU.ActiveCfg = Debug|Any CPU
		{1E4C9EAD-F2FA-5201-0D4C-5D8B6501CE1B}.Debug|Any CPU.Build.0 = Debug|Any CPU
		{1E4C9EAD-F2FA-5201-0D4C-5D8B6501CE1B}.Release|Any CPU.ActiveCfg = Release|Any CPU
		{1E4C9EAD-F2FA-5201-0D4C-5D8B6501CE1B}.Release|Any CPU.Build.0 = Release|Any CPU
		{AFC1584A-74EB-841D-DB7F-440C4F4E8CE7}.Debug|Any CPU.ActiveCfg = Debug|Any CPU
		{AFC1584A-74EB-841D-DB7F-440C4F4E8CE7}.Debug|Any CPU.Build.0 = Debug|Any CPU
		{AFC1584A-74EB-841D-DB7F-440C4F4E8CE7}.Release|Any CPU.ActiveCfg = Release|Any CPU
		{AFC1584A-74EB-841D-DB7F-440C4F4E8CE7}.Release|Any CPU.Build.0 = Release|Any CPU
		{7253F209-32BC-57D8-66FF-BE319E58768F}.Debug|Any CPU.ActiveCfg = Debug|Any CPU
		{7253F209-32BC-57D8-66FF-BE319E58768F}.Debug|Any CPU.Build.0 = Debug|Any CPU
		{7253F209-32BC-57D8-66FF-BE319E58768F}.Release|Any CPU.ActiveCfg = Release|Any CPU
		{7253F209-32BC-57D8-66FF-BE319E58768F}.Release|Any CPU.Build.0 = Release|Any CPU
		{18F99FBD-F515-D5C1-303C-0B53D25D36A8}.Debug|Any CPU.ActiveCfg = Debug|Any CPU
		{18F99FBD-F515-D5C1-303C-0B53D25D36A8}.Debug|Any CPU.Build.0 = Debug|Any CPU
		{18F99FBD-F515-D5C1-303C-0B53D25D36A8}.Release|Any CPU.ActiveCfg = Release|Any CPU
		{18F99FBD-F515-D5C1-303C-0B53D25D36A8}.Release|Any CPU.Build.0 = Release|Any CPU
		{C3E26C8F-B39C-F56B-174F-82CEB68B46DB}.Debug|Any CPU.ActiveCfg = Debug|Any CPU
		{C3E26C8F-B39C-F56B-174F-82CEB68B46DB}.Debug|Any CPU.Build.0 = Debug|Any CPU
		{C3E26C8F-B39C-F56B-174F-82CEB68B46DB}.Release|Any CPU.ActiveCfg = Release|Any CPU
		{C3E26C8F-B39C-F56B-174F-82CEB68B46DB}.Release|Any CPU.Build.0 = Release|Any CPU
		{B53D2D8F-74CA-D9F0-BF05-4AB9CC7B684B}.Debug|Any CPU.ActiveCfg = Debug|Any CPU
		{B53D2D8F-74CA-D9F0-BF05-4AB9CC7B684B}.Debug|Any CPU.Build.0 = Debug|Any CPU
		{B53D2D8F-74CA-D9F0-BF05-4AB9CC7B684B}.Release|Any CPU.ActiveCfg = Release|Any CPU
		{B53D2D8F-74CA-D9F0-BF05-4AB9CC7B684B}.Release|Any CPU.Build.0 = Release|Any CPU
		{85B01A8C-30A2-3438-3984-CFDBF205CF2B}.Debug|Any CPU.ActiveCfg = Debug|Any CPU
		{85B01A8C-30A2-3438-3984-CFDBF205CF2B}.Debug|Any CPU.Build.0 = Debug|Any CPU
		{85B01A8C-30A2-3438-3984-CFDBF205CF2B}.Release|Any CPU.ActiveCfg = Release|Any CPU
		{85B01A8C-30A2-3438-3984-CFDBF205CF2B}.Release|Any CPU.Build.0 = Release|Any CPU
		{4D3282D3-ADF7-8453-148D-0A0CC30F7235}.Debug|Any CPU.ActiveCfg = Debug|Any CPU
		{4D3282D3-ADF7-8453-148D-0A0CC30F7235}.Debug|Any CPU.Build.0 = Debug|Any CPU
		{4D3282D3-ADF7-8453-148D-0A0CC30F7235}.Release|Any CPU.ActiveCfg = Release|Any CPU
		{4D3282D3-ADF7-8453-148D-0A0CC30F7235}.Release|Any CPU.Build.0 = Release|Any CPU
		{EB2135EC-D9EE-927D-1D7B-906070B5011D}.Debug|Any CPU.ActiveCfg = Debug|Any CPU
		{EB2135EC-D9EE-927D-1D7B-906070B5011D}.Debug|Any CPU.Build.0 = Debug|Any CPU
		{EB2135EC-D9EE-927D-1D7B-906070B5011D}.Release|Any CPU.ActiveCfg = Release|Any CPU
		{EB2135EC-D9EE-927D-1D7B-906070B5011D}.Release|Any CPU.Build.0 = Release|Any CPU
		{705EBA68-DFA3-4C1F-FED7-F6B455CE17FC}.Debug|Any CPU.ActiveCfg = Debug|Any CPU
		{705EBA68-DFA3-4C1F-FED7-F6B455CE17FC}.Debug|Any CPU.Build.0 = Debug|Any CPU
		{705EBA68-DFA3-4C1F-FED7-F6B455CE17FC}.Release|Any CPU.ActiveCfg = Release|Any CPU
		{705EBA68-DFA3-4C1F-FED7-F6B455CE17FC}.Release|Any CPU.Build.0 = Release|Any CPU
		{C4AAFAF8-A753-4B03-BA49-6DA747F56C0E}.Debug|Any CPU.ActiveCfg = Debug|Any CPU
		{C4AAFAF8-A753-4B03-BA49-6DA747F56C0E}.Debug|Any CPU.Build.0 = Debug|Any CPU
		{C4AAFAF8-A753-4B03-BA49-6DA747F56C0E}.Release|Any CPU.ActiveCfg = Release|Any CPU
		{C4AAFAF8-A753-4B03-BA49-6DA747F56C0E}.Release|Any CPU.Build.0 = Release|Any CPU
		{838101DD-0736-6268-BA40-749F89440521}.Debug|Any CPU.ActiveCfg = Debug|Any CPU
		{838101DD-0736-6268-BA40-749F89440521}.Debug|Any CPU.Build.0 = Debug|Any CPU
		{838101DD-0736-6268-BA40-749F89440521}.Release|Any CPU.ActiveCfg = Release|Any CPU
		{838101DD-0736-6268-BA40-749F89440521}.Release|Any CPU.Build.0 = Release|Any CPU
		{EFFF34E7-92A7-9936-CC7D-2F3639767DE0}.Debug|Any CPU.ActiveCfg = Debug|Any CPU
		{EFFF34E7-92A7-9936-CC7D-2F3639767DE0}.Debug|Any CPU.Build.0 = Debug|Any CPU
		{EFFF34E7-92A7-9936-CC7D-2F3639767DE0}.Release|Any CPU.ActiveCfg = Release|Any CPU
		{EFFF34E7-92A7-9936-CC7D-2F3639767DE0}.Release|Any CPU.Build.0 = Release|Any CPU
		{EE8112A4-6675-CC4B-854A-E421C887C2E2}.Debug|Any CPU.ActiveCfg = Debug|Any CPU
		{EE8112A4-6675-CC4B-854A-E421C887C2E2}.Debug|Any CPU.Build.0 = Debug|Any CPU
		{EE8112A4-6675-CC4B-854A-E421C887C2E2}.Release|Any CPU.ActiveCfg = Release|Any CPU
		{EE8112A4-6675-CC4B-854A-E421C887C2E2}.Release|Any CPU.Build.0 = Release|Any CPU
		{BBDDF447-4235-7D2E-D9D5-1213B900042A}.Debug|Any CPU.ActiveCfg = Debug|Any CPU
		{BBDDF447-4235-7D2E-D9D5-1213B900042A}.Debug|Any CPU.Build.0 = Debug|Any CPU
		{BBDDF447-4235-7D2E-D9D5-1213B900042A}.Release|Any CPU.ActiveCfg = Release|Any CPU
		{BBDDF447-4235-7D2E-D9D5-1213B900042A}.Release|Any CPU.Build.0 = Release|Any CPU
		{A17CA0E4-2670-E322-3EA3-8F976B42A6AA}.Debug|Any CPU.ActiveCfg = Debug|Any CPU
		{A17CA0E4-2670-E322-3EA3-8F976B42A6AA}.Debug|Any CPU.Build.0 = Debug|Any CPU
		{A17CA0E4-2670-E322-3EA3-8F976B42A6AA}.Release|Any CPU.ActiveCfg = Release|Any CPU
		{A17CA0E4-2670-E322-3EA3-8F976B42A6AA}.Release|Any CPU.Build.0 = Release|Any CPU
		{961B978B-B75D-8898-4DE5-A7ED074CE258}.Debug|Any CPU.ActiveCfg = Debug|Any CPU
		{961B978B-B75D-8898-4DE5-A7ED074CE258}.Debug|Any CPU.Build.0 = Debug|Any CPU
		{961B978B-B75D-8898-4DE5-A7ED074CE258}.Release|Any CPU.ActiveCfg = Release|Any CPU
		{961B978B-B75D-8898-4DE5-A7ED074CE258}.Release|Any CPU.Build.0 = Release|Any CPU
		{1BCFFB45-3E0E-C449-A856-562117F9FD17}.Debug|Any CPU.ActiveCfg = Debug|Any CPU
		{1BCFFB45-3E0E-C449-A856-562117F9FD17}.Debug|Any CPU.Build.0 = Debug|Any CPU
		{1BCFFB45-3E0E-C449-A856-562117F9FD17}.Release|Any CPU.ActiveCfg = Release|Any CPU
		{1BCFFB45-3E0E-C449-A856-562117F9FD17}.Release|Any CPU.Build.0 = Release|Any CPU
		{BBF5EF7C-2F40-54CA-A9F9-8F4971BB49FA}.Debug|Any CPU.ActiveCfg = Debug|Any CPU
		{BBF5EF7C-2F40-54CA-A9F9-8F4971BB49FA}.Debug|Any CPU.Build.0 = Debug|Any CPU
		{BBF5EF7C-2F40-54CA-A9F9-8F4971BB49FA}.Release|Any CPU.ActiveCfg = Release|Any CPU
		{BBF5EF7C-2F40-54CA-A9F9-8F4971BB49FA}.Release|Any CPU.Build.0 = Release|Any CPU
		{13F8FA35-0059-73F6-A3F3-11F46A25627C}.Debug|Any CPU.ActiveCfg = Debug|Any CPU
		{13F8FA35-0059-73F6-A3F3-11F46A25627C}.Debug|Any CPU.Build.0 = Debug|Any CPU
		{13F8FA35-0059-73F6-A3F3-11F46A25627C}.Release|Any CPU.ActiveCfg = Release|Any CPU
		{13F8FA35-0059-73F6-A3F3-11F46A25627C}.Release|Any CPU.Build.0 = Release|Any CPU
		{E557B073-4041-98B0-2718-A93A58806742}.Debug|Any CPU.ActiveCfg = Debug|Any CPU
		{E557B073-4041-98B0-2718-A93A58806742}.Debug|Any CPU.Build.0 = Debug|Any CPU
		{E557B073-4041-98B0-2718-A93A58806742}.Release|Any CPU.ActiveCfg = Release|Any CPU
		{E557B073-4041-98B0-2718-A93A58806742}.Release|Any CPU.Build.0 = Release|Any CPU
		{B3360A77-AEE5-0497-B40D-17B4F278BD06}.Debug|Any CPU.ActiveCfg = Debug|Any CPU
		{B3360A77-AEE5-0497-B40D-17B4F278BD06}.Debug|Any CPU.Build.0 = Debug|Any CPU
		{B3360A77-AEE5-0497-B40D-17B4F278BD06}.Release|Any CPU.ActiveCfg = Release|Any CPU
		{B3360A77-AEE5-0497-B40D-17B4F278BD06}.Release|Any CPU.Build.0 = Release|Any CPU
		{37070413-7E1A-05CE-80AE-C1A81AA11879}.Debug|Any CPU.ActiveCfg = Debug|Any CPU
		{37070413-7E1A-05CE-80AE-C1A81AA11879}.Debug|Any CPU.Build.0 = Debug|Any CPU
		{37070413-7E1A-05CE-80AE-C1A81AA11879}.Release|Any CPU.ActiveCfg = Release|Any CPU
		{37070413-7E1A-05CE-80AE-C1A81AA11879}.Release|Any CPU.Build.0 = Release|Any CPU
		{198D9F77-0CC4-FFF7-387C-C9E907A4E921}.Debug|Any CPU.ActiveCfg = Debug|Any CPU
		{198D9F77-0CC4-FFF7-387C-C9E907A4E921}.Debug|Any CPU.Build.0 = Debug|Any CPU
		{198D9F77-0CC4-FFF7-387C-C9E907A4E921}.Release|Any CPU.ActiveCfg = Release|Any CPU
		{198D9F77-0CC4-FFF7-387C-C9E907A4E921}.Release|Any CPU.Build.0 = Release|Any CPU
		{07EE54CE-5E63-659D-9942-34C882DF368D}.Debug|Any CPU.ActiveCfg = Debug|Any CPU
		{07EE54CE-5E63-659D-9942-34C882DF368D}.Debug|Any CPU.Build.0 = Debug|Any CPU
		{07EE54CE-5E63-659D-9942-34C882DF368D}.Release|Any CPU.ActiveCfg = Release|Any CPU
		{07EE54CE-5E63-659D-9942-34C882DF368D}.Release|Any CPU.Build.0 = Release|Any CPU
		{AF504431-990D-3689-0D00-C813F3AC11FD}.Debug|Any CPU.ActiveCfg = Debug|Any CPU
		{AF504431-990D-3689-0D00-C813F3AC11FD}.Debug|Any CPU.Build.0 = Debug|Any CPU
		{AF504431-990D-3689-0D00-C813F3AC11FD}.Release|Any CPU.ActiveCfg = Release|Any CPU
		{AF504431-990D-3689-0D00-C813F3AC11FD}.Release|Any CPU.Build.0 = Release|Any CPU
		{7AD1A249-09BF-8109-58BB-379F1A545A8D}.Debug|Any CPU.ActiveCfg = Debug|Any CPU
		{7AD1A249-09BF-8109-58BB-379F1A545A8D}.Debug|Any CPU.Build.0 = Debug|Any CPU
		{7AD1A249-09BF-8109-58BB-379F1A545A8D}.Release|Any CPU.ActiveCfg = Release|Any CPU
		{7AD1A249-09BF-8109-58BB-379F1A545A8D}.Release|Any CPU.Build.0 = Release|Any CPU
		{D9E6AEF2-B376-FD74-EBAC-FB6569912812}.Debug|Any CPU.ActiveCfg = Debug|Any CPU
		{D9E6AEF2-B376-FD74-EBAC-FB6569912812}.Debug|Any CPU.Build.0 = Debug|Any CPU
		{D9E6AEF2-B376-FD74-EBAC-FB6569912812}.Release|Any CPU.ActiveCfg = Release|Any CPU
		{D9E6AEF2-B376-FD74-EBAC-FB6569912812}.Release|Any CPU.Build.0 = Release|Any CPU
		{7CD8152E-4E33-D1E6-D75A-977F903117E8}.Debug|Any CPU.ActiveCfg = Debug|Any CPU
		{7CD8152E-4E33-D1E6-D75A-977F903117E8}.Debug|Any CPU.Build.0 = Debug|Any CPU
		{7CD8152E-4E33-D1E6-D75A-977F903117E8}.Release|Any CPU.ActiveCfg = Release|Any CPU
		{7CD8152E-4E33-D1E6-D75A-977F903117E8}.Release|Any CPU.Build.0 = Release|Any CPU
		{85007936-CFF2-B1F2-5B70-99D9F87E8732}.Debug|Any CPU.ActiveCfg = Debug|Any CPU
		{85007936-CFF2-B1F2-5B70-99D9F87E8732}.Debug|Any CPU.Build.0 = Debug|Any CPU
		{85007936-CFF2-B1F2-5B70-99D9F87E8732}.Release|Any CPU.ActiveCfg = Release|Any CPU
		{85007936-CFF2-B1F2-5B70-99D9F87E8732}.Release|Any CPU.Build.0 = Release|Any CPU
		{E20AD443-8DFA-B86C-F0EC-45C083BEE261}.Debug|Any CPU.ActiveCfg = Debug|Any CPU
		{E20AD443-8DFA-B86C-F0EC-45C083BEE261}.Debug|Any CPU.Build.0 = Debug|Any CPU
		{E20AD443-8DFA-B86C-F0EC-45C083BEE261}.Release|Any CPU.ActiveCfg = Release|Any CPU
		{E20AD443-8DFA-B86C-F0EC-45C083BEE261}.Release|Any CPU.Build.0 = Release|Any CPU
		{387D9919-98F2-8A18-240B-4CAE15F75E5E}.Debug|Any CPU.ActiveCfg = Debug|Any CPU
		{387D9919-98F2-8A18-240B-4CAE15F75E5E}.Debug|Any CPU.Build.0 = Debug|Any CPU
		{387D9919-98F2-8A18-240B-4CAE15F75E5E}.Release|Any CPU.ActiveCfg = Release|Any CPU
		{387D9919-98F2-8A18-240B-4CAE15F75E5E}.Release|Any CPU.Build.0 = Release|Any CPU
		{A1A1534D-D834-AA0E-7746-C9463493FEE2}.Debug|Any CPU.ActiveCfg = Debug|Any CPU
		{A1A1534D-D834-AA0E-7746-C9463493FEE2}.Debug|Any CPU.Build.0 = Debug|Any CPU
		{A1A1534D-D834-AA0E-7746-C9463493FEE2}.Release|Any CPU.ActiveCfg = Release|Any CPU
		{A1A1534D-D834-AA0E-7746-C9463493FEE2}.Release|Any CPU.Build.0 = Release|Any CPU
		{4427BB95-46A8-383C-C195-FB4DAA8618C0}.Debug|Any CPU.ActiveCfg = Debug|Any CPU
		{4427BB95-46A8-383C-C195-FB4DAA8618C0}.Debug|Any CPU.Build.0 = Debug|Any CPU
		{4427BB95-46A8-383C-C195-FB4DAA8618C0}.Release|Any CPU.ActiveCfg = Release|Any CPU
		{4427BB95-46A8-383C-C195-FB4DAA8618C0}.Release|Any CPU.Build.0 = Release|Any CPU
		{290A19B5-ACEB-4B44-C776-815338CCC1FB}.Debug|Any CPU.ActiveCfg = Debug|Any CPU
		{290A19B5-ACEB-4B44-C776-815338CCC1FB}.Debug|Any CPU.Build.0 = Debug|Any CPU
		{290A19B5-ACEB-4B44-C776-815338CCC1FB}.Release|Any CPU.ActiveCfg = Release|Any CPU
		{290A19B5-ACEB-4B44-C776-815338CCC1FB}.Release|Any CPU.Build.0 = Release|Any CPU
		{DA498C65-B0F6-0E9C-ECAC-44FE468D37A8}.Debug|Any CPU.ActiveCfg = Debug|Any CPU
		{DA498C65-B0F6-0E9C-ECAC-44FE468D37A8}.Debug|Any CPU.Build.0 = Debug|Any CPU
		{DA498C65-B0F6-0E9C-ECAC-44FE468D37A8}.Release|Any CPU.ActiveCfg = Release|Any CPU
		{DA498C65-B0F6-0E9C-ECAC-44FE468D37A8}.Release|Any CPU.Build.0 = Release|Any CPU
		{8267E2FB-D1AB-175C-1FDC-2B0B6E86275A}.Debug|Any CPU.ActiveCfg = Debug|Any CPU
		{8267E2FB-D1AB-175C-1FDC-2B0B6E86275A}.Debug|Any CPU.Build.0 = Debug|Any CPU
		{8267E2FB-D1AB-175C-1FDC-2B0B6E86275A}.Release|Any CPU.ActiveCfg = Release|Any CPU
		{8267E2FB-D1AB-175C-1FDC-2B0B6E86275A}.Release|Any CPU.Build.0 = Release|Any CPU
		{14A6C1EB-1F49-A2DF-AD41-6D327F3829E9}.Debug|Any CPU.ActiveCfg = Debug|Any CPU
		{14A6C1EB-1F49-A2DF-AD41-6D327F3829E9}.Debug|Any CPU.Build.0 = Debug|Any CPU
		{14A6C1EB-1F49-A2DF-AD41-6D327F3829E9}.Release|Any CPU.ActiveCfg = Release|Any CPU
		{14A6C1EB-1F49-A2DF-AD41-6D327F3829E9}.Release|Any CPU.Build.0 = Release|Any CPU
		{A03C9A53-6434-C932-38F7-B7549D53E4F8}.Debug|Any CPU.ActiveCfg = Debug|Any CPU
		{A03C9A53-6434-C932-38F7-B7549D53E4F8}.Debug|Any CPU.Build.0 = Debug|Any CPU
		{A03C9A53-6434-C932-38F7-B7549D53E4F8}.Release|Any CPU.ActiveCfg = Release|Any CPU
		{A03C9A53-6434-C932-38F7-B7549D53E4F8}.Release|Any CPU.Build.0 = Release|Any CPU
		{2A3DF2FF-D770-F665-27A8-CABC79B07D8B}.Debug|Any CPU.ActiveCfg = Debug|Any CPU
		{2A3DF2FF-D770-F665-27A8-CABC79B07D8B}.Debug|Any CPU.Build.0 = Debug|Any CPU
		{2A3DF2FF-D770-F665-27A8-CABC79B07D8B}.Release|Any CPU.ActiveCfg = Release|Any CPU
		{2A3DF2FF-D770-F665-27A8-CABC79B07D8B}.Release|Any CPU.Build.0 = Release|Any CPU
		{F49AE286-A824-B6EE-5C66-BE5C0A38A26D}.Debug|Any CPU.ActiveCfg = Debug|Any CPU
		{F49AE286-A824-B6EE-5C66-BE5C0A38A26D}.Debug|Any CPU.Build.0 = Debug|Any CPU
		{F49AE286-A824-B6EE-5C66-BE5C0A38A26D}.Release|Any CPU.ActiveCfg = Release|Any CPU
		{F49AE286-A824-B6EE-5C66-BE5C0A38A26D}.Release|Any CPU.Build.0 = Release|Any CPU
	EndGlobalSection
	GlobalSection(SolutionProperties) = preSolution
		HideSolutionNode = FALSE
	EndGlobalSection
EndGlobal
